
Microsoft Visual Studio Solution File, Format Version 12.00
# Visual Studio Version 17
VisualStudioVersion = 17.5.33627.172
MinimumVisualStudioVersion = 10.0.40219.1
Project("{8BC9CEB8-8B4A-11D0-8D11-00A0C91BC942}") = "BOJ_1238", "BOJ_1238.vcxproj", "{44874914-7A0C-47C8-86EC-60B39DB9AB62}"
EndProject
Global
	GlobalSection(SolutionConfigurationPlatforms) = preSolution
		Debug|x64 = Debug|x64
		Release|x64 = Release|x64
	EndGlobalSection
	GlobalSection(ProjectConfigurationPlatforms) = postSolution
		{44874914-7A0C-47C8-86EC-60B39DB9AB62}.Debug|x64.ActiveCfg = Debug|x64
		{44874914-7A0C-47C8-86EC-60B39DB9AB62}.Debug|x64.Build.0 = Debug|x64
		{44874914-7A0C-47C8-86EC-60B39DB9AB62}.Release|x64.ActiveCfg = Release|x64
		{44874914-7A0C-47C8-86EC-60B39DB9AB62}.Release|x64.Build.0 = Release|x64
	EndGlobalSection
	GlobalSection(SolutionProperties) = preSolution
		HideSolutionNode = FALSE
	EndGlobalSection
	GlobalSection(ExtensibilityGlobals) = postSolution
		SolutionGuid = {276FF90E-00DA-4617-8FBC-BFFEDE1DE13A}
	EndGlobalSection
EndGlobal
